{
    "_meta": {
        "hash": {
            "sha256": "8f5453010fdf3b5d3bc2a35cb71208b53552341f0daece75d92a2f09bb8614f3"
        },
        "pipfile-spec": 6,
        "requires": {
            "python_version": "3.10"
        },
        "sources": [
            {
                "name": "pypi",
                "url": "https://pypi.org/simple",
                "verify_ssl": true
            }
        ]
    },
    "default": {
        "attrs": {
            "hashes": [
                "sha256:1f28b4522cdc2fb4256ac1a020c78acf9cba2c6b461ccd2c126f3aa8e8335d04",
                "sha256:6279836d581513a26f1bf235f9acd333bc9115683f14f7e8fae46c98fc50e015"
            ],
            "markers": "python_version >= '3.7'",
            "version": "==23.1.0"
        },
        "certifi": {
            "hashes": [
                "sha256:539cc1d13202e33ca466e88b2807e29f4c13049d6d87031a3c110744495cb082",
                "sha256:92d6037539857d8206b8f6ae472e8b77db8058fec5937a1ef3f54304089edbb9"
            ],
            "markers": "python_version >= '3.6'",
            "version": "==2023.7.22"
        },
        "click": {
            "hashes": [
                "sha256:48ee849951919527a045bfe3bf7baa8a959c423134e1a5b98c05c20ba75a1cbd",
                "sha256:fa244bb30b3b5ee2cae3da8f55c9e5e0c0e86093306301fb418eb9dc40fbded5"
            ],
            "markers": "python_version >= '3.7'",
            "version": "==8.1.6"
        },
        "click-plugins": {
            "hashes": [
                "sha256:46ab999744a9d831159c3411bb0c79346d94a444df9a3a3742e9ed63645f264b",
                "sha256:5d262006d3222f5057fd81e1623d4443e41dcda5dc815c06b442aa3c02889fc8"
            ],
            "version": "==1.1.1"
        },
        "cligj": {
            "hashes": [
                "sha256:a4bc13d623356b373c2c27c53dbd9c68cae5d526270bfa71f6c6fa69669c6b27",
                "sha256:c1ca117dbce1fe20a5809dc96f01e1c2840f6dcc939b3ddbb1111bf330ba82df"
            ],
            "markers": "python_version >= '2.7' and python_version not in '3.0, 3.1, 3.2' and python_version < '4'",
            "version": "==0.7.2"
        },
        "fiona": {
            "hashes": [
                "sha256:1a585002a6385cc8ab0f66ddf3caf18711f531901906abd011a67a0cc89ab7b0",
                "sha256:1da8b954f6f222c3c782bc285586ea8dd9d7e55e1bc7861da9cd772bca671660",
                "sha256:285f3dd4f96aa0a3955ed469f0543375b20989731b2dddc85124453f11ac62bc",
                "sha256:2c2c7b09eecee3bb074ef8aa518cd6ab30eb663c6fdd0eff3c88d454a9746eaa",
                "sha256:39baf11ff0e4318397e2b2197de427b4eebdc49d4a9a7c1366f8a7ed682978a4",
                "sha256:450561d308d3ce7c7e30294822b1de3f4f942033b703ddd4a91a7f7f5f506ca0",
                "sha256:5679d3f7e0d513035eb72e59527bb90486859af4405755dfc739138633106120",
                "sha256:71b023ef5248ebfa5524e7a875033f7db3bbfaf634b1b5c1ae36958d1eb82083",
                "sha256:74511d3755695d75cea0f4ff6f5e0c6c5d5be8e0d46dafff124c6a219e99b1eb",
                "sha256:7bfb1f49e0e53f6cd7ad64ae809d72646266b37a7b9881205977408b443a8d79",
                "sha256:a670ea4262cb9140445bcfc97cbfd2f508a058be342f4a97e966b8ce7696601f",
                "sha256:b0387cae39e27f338fd948b3b50b6e6ce198cc4cec257fc91660849697c69dc3",
                "sha256:b633a2e550e083805c638d2ab8059c283ca112aaea8241e170c012d2ee0aa905",
                "sha256:c1faa625d5202b8403471bbc9f9c96b1bf9099cfcb0ee02a80a3641d3d02383e",
                "sha256:c671d8832287cda397621d79c5a635d52e4631f33a8f0e6fdc732a79a93cb96c",
                "sha256:d6483a20037db2209c8e9a0c6f1e552f807d03c8f42ed0c865ab500945a37c4d",
                "sha256:d93c993265f6378b23f47708c83bddb3377ca6814a1f0b5a0ae0bee9c8d72cf8",
                "sha256:dbe158947099a83ad16f9acd3a21f50ff01114c64e2de67805e382e6b6e0083a",
                "sha256:ea7c44c15b3a653452b9b3173181490b7afc5f153b0473c145c43c0fbf90448b",
                "sha256:f5da66b723a876142937e683431bbaa5c3d81bb2ed3ec98941271bc99b7f8cd0"
            ],
            "markers": "python_version >= '3.7'",
            "version": "==1.9.4.post1"
        },
        "geopandas": {
            "hashes": [
                "sha256:101cfd0de54bcf9e287a55b5ea17ebe0db53a5e25a28bacf100143d0507cabd9",
                "sha256:e5b56d9c20800c77bcc0c914db3f27447a37b23b2cd892be543f5001a694a968"
            ],
            "markers": "python_version >= '3.8'",
            "version": "==0.13.2"
        },
        "h3": {
            "hashes": [
                "sha256:02faa911f2d8425c641a1f7c08f3dc9c10a5a3d81408832afa40748534b999c8",
                "sha256:0724d4645c1da59e02b3305050c52b93ce1d8971d1d139433d464fcc103249a6",
                "sha256:1471ff4d3875b25b521eeec5c2b72abe27b8e6af10ab99b7da5c0de545b0e832",
                "sha256:198718ab20a06ebe52f0aaafc02469e4a51964e5ba7990c3cc1d2fc32e7a54d9",
                "sha256:1b4db92ceaeb9a51cc875c302cdc5e1aa27eed776d95943ee55c941bc2f219a3",
                "sha256:1bdc790d91138e781973dcaade5231db7fe8a876330939e0903f602acc4fb64c",
                "sha256:1cd4f07c49721023c5fef401a4de03c47000705dfd116579dc6b61cad821305d",
                "sha256:1d3b93e3f38eb6c8fc5051d1b289b74614fb5f2415d272fea18085dea260d6b0",
                "sha256:211ef3317dcf7863e2d01a97ab6da319b8451d78cd1633dd28faaf69e66bc321",
                "sha256:231959dceb4cc4ae86fe4fe2c385b176ed81712549e787b889dfa66f583676df",
                "sha256:26f3175bd3ea3ee528dbf49308e7215a58351ce425e1c3a9838ae22526663311",
                "sha256:36ea935833c37fdfd7ffbfc000d7cd20addcdf67f30b26a6b9bccb9210b03704",
                "sha256:3bae8b95f21f20f04141a35f15c8caa74f2046eb01ef49e35fc45e6a8edfc8df",
                "sha256:4810ddb3d91411a6cbf87a28108fe31712f618ef223c349e1f6675602af2c473",
                "sha256:495e37b1dee0ec46ccd88b278e571234b0d0d30648f161799d65a8d7f390b3f2",
                "sha256:6ca9dd410e250d37f24a87c4ecb0615bb6d44a3f90eb5dbbf1b5e3d4489b8703",
                "sha256:76abc02f14a8df42fb5d80e6045023fb756c49d3cb08d69a8ceb9362b95d4bec",
                "sha256:783b2ca4448360c5a184fd43b84fc5554e3a8fd02738ff31349506189c5b4b49",
                "sha256:7d7b69015f5bab2525914fad370b96dc386437e19a14cfed3eb13868589263db",
                "sha256:8bf1e080b9a47774754834e7f10155f3d2e3542bf895488a0519b2ae7d5b15db",
                "sha256:98c3951c3b67ca3de06ef70aa74a9752640a3eca9b4d68e0d5d8e4fc6fa72337",
                "sha256:991ee991f2ae41f629feb1cd32fa677b8512c72696eb0ad94fcf359d61184b2e",
                "sha256:99b81620608378fc9910a5c630b0f17eb939156fa13e1adc55229d31f8c3f5ca",
                "sha256:9bbd3dbac99532fa521d7d2e288ff55877bea3223b070f659ed7b5f8f1f213eb",
                "sha256:a2872f695168c4700c73edd6eab9c6181387d7ea177de13b130ae61e613ff7de",
                "sha256:b1b1bce0dee05175f8d422e50ffa1afacb9a7e78ae0963059aebfbef50e10175",
                "sha256:b2e2c4808b7691b176c89ebf23c173b3b23dd4ce42f8f494b32c6e31ceee49af",
                "sha256:b58b1298bf1068704c6d9426749c8ae6021b53d982d5153cc4161c7042ecd810",
                "sha256:b9de9da755c90bbc90d6c041396a20c91816cd86a0bafa3b8899681cfdc2c4c6",
                "sha256:cd4a5103a86a7d98cffa3be77eb82080aa2e9d676bbd1661f3db9ecad7a4ef2b",
                "sha256:cda9a427b0de0d4069115ec765118888f180d0db915b5bc0dba52f5ae957b789",
                "sha256:d0c2890fa10fa8695c020569c8d55da79e2c552a39533de4ae6991c7acb122e1",
                "sha256:e1f6ec0f2246381ce3a7f72da1ce825a5474eb7c8fb25a2ea1f16c6606ce34a7",
                "sha256:eb96f2caae519d0ed17acde625af528476dca121b0336d3eb776429d40284ef6",
                "sha256:eddf10d1d2139b3ea3ad1618c2074e1c47d3d36bddb5359e4955f5fd0b089d93",
                "sha256:f8d1db3dcd8f6ce7f54e061e6c9fbecbb5c3978b9e54e44af05a53787c4f99b3",
                "sha256:fc8030968586a7810aa192397ad9a4f7d7a963f57c9b3e210fc38de0aa5c2533",
                "sha256:fcbfff87d223279f8e38bbee3ebf52b1b96ae280e9e7de24674d3c284373d946"
            ],
            "version": "==3.7.6"
        },
        "h3pandas": {
            "hashes": [
                "sha256:2c948afe63e92a9f5d49dfbb8a3a59d0cc390e078d6637d2674066ce8ce90a09"
            ],
            "index": "pypi",
            "version": "==0.2.4"
        },
        "numpy": {
            "hashes": [
                "sha256:0d60fbae8e0019865fc4784745814cff1c421df5afee233db6d88ab4f14655a2",
                "sha256:1a1329e26f46230bf77b02cc19e900db9b52f398d6722ca853349a782d4cff55",
                "sha256:1b9735c27cea5d995496f46a8b1cd7b408b3f34b6d50459d9ac8fe3a20cc17bf",
                "sha256:2792d23d62ec51e50ce4d4b7d73de8f67a2fd3ea710dcbc8563a51a03fb07b01",
                "sha256:3e0746410e73384e70d286f93abf2520035250aad8c5714240b0492a7302fdca",
                "sha256:4c3abc71e8b6edba80a01a52e66d83c5d14433cbcd26a40c329ec7ed09f37901",
                "sha256:5883c06bb92f2e6c8181df7b39971a5fb436288db58b5a1c3967702d4278691d",
                "sha256:5c97325a0ba6f9d041feb9390924614b60b99209a71a69c876f71052521d42a4",
                "sha256:60e7f0f7f6d0eee8364b9a6304c2845b9c491ac706048c7e8cf47b83123b8dbf",
                "sha256:76b4115d42a7dfc5d485d358728cdd8719be33cc5ec6ec08632a5d6fca2ed380",
                "sha256:7dc869c0c75988e1c693d0e2d5b26034644399dd929bc049db55395b1379e044",
                "sha256:834b386f2b8210dca38c71a6e0f4fd6922f7d3fcff935dbe3a570945acb1b545",
                "sha256:8b77775f4b7df768967a7c8b3567e309f617dd5e99aeb886fa14dc1a0791141f",
                "sha256:90319e4f002795ccfc9050110bbbaa16c944b1c37c0baeea43c5fb881693ae1f",
                "sha256:b79e513d7aac42ae918db3ad1341a015488530d0bb2a6abcbdd10a3a829ccfd3",
                "sha256:bb33d5a1cf360304754913a350edda36d5b8c5331a8237268c48f91253c3a364",
                "sha256:bec1e7213c7cb00d67093247f8c4db156fd03075f49876957dca4711306d39c9",
                "sha256:c5462d19336db4560041517dbb7759c21d181a67cb01b36ca109b2ae37d32418",
                "sha256:c5652ea24d33585ea39eb6a6a15dac87a1206a692719ff45d53c5282e66d4a8f",
                "sha256:d7806500e4f5bdd04095e849265e55de20d8cc4b661b038957354327f6d9b295",
                "sha256:db3ccc4e37a6873045580d413fe79b68e47a681af8db2e046f1dacfa11f86eb3",
                "sha256:dfe4a913e29b418d096e696ddd422d8a5d13ffba4ea91f9f60440a3b759b0187",
                "sha256:eb942bfb6f84df5ce05dbf4b46673ffed0d3da59f13635ea9b926af3deb76926",
                "sha256:f08f2e037bba04e707eebf4bc934f1972a315c883a9e0ebfa8a7756eabf9e357",
                "sha256:fd608e19c8d7c55021dffd43bfe5492fab8cc105cc8986f813f8c3c048b38760"
            ],
            "markers": "python_version >= '3.9'",
            "version": "==1.25.2"
        },
        "packaging": {
            "hashes": [
                "sha256:994793af429502c4ea2ebf6bf664629d07c1a9fe974af92966e4b8d2df7edc61",
                "sha256:a392980d2b6cffa644431898be54b0045151319d1e7ec34f0cfed48767dd334f"
            ],
            "markers": "python_version >= '3.7'",
            "version": "==23.1"
        },
        "pandas": {
            "hashes": [
                "sha256:04dbdbaf2e4d46ca8da896e1805bc04eb85caa9a82e259e8eed00254d5e0c682",
                "sha256:1168574b036cd8b93abc746171c9b4f1b83467438a5e45909fed645cf8692dbc",
                "sha256:1994c789bf12a7c5098277fb43836ce090f1073858c10f9220998ac74f37c69b",
                "sha256:258d3624b3ae734490e4d63c430256e716f488c4fcb7c8e9bde2d3aa46c29089",
                "sha256:32fca2ee1b0d93dd71d979726b12b61faa06aeb93cf77468776287f41ff8fdc5",
                "sha256:37673e3bdf1551b95bf5d4ce372b37770f9529743d2498032439371fc7b7eb26",
                "sha256:3ef285093b4fe5058eefd756100a367f27029913760773c8bf1d2d8bebe5d210",
                "sha256:5247fb1ba347c1261cbbf0fcfba4a3121fbb4029d95d9ef4dc45406620b25c8b",
                "sha256:5ec591c48e29226bcbb316e0c1e9423622bc7a4eaf1ef7c3c9fa1a3981f89641",
                "sha256:694888a81198786f0e164ee3a581df7d505024fbb1f15202fc7db88a71d84ebd",
                "sha256:69d7f3884c95da3a31ef82b7618af5710dba95bb885ffab339aad925c3e8ce78",
                "sha256:6a21ab5c89dcbd57f78d0ae16630b090eec626360085a4148693def5452d8a6b",
                "sha256:81af086f4543c9d8bb128328b5d32e9986e0c84d3ee673a2ac6fb57fd14f755e",
                "sha256:9e4da0d45e7f34c069fe4d522359df7d23badf83abc1d1cef398895822d11061",
                "sha256:9eae3dc34fa1aa7772dd3fc60270d13ced7346fcbcfee017d3132ec625e23bb0",
                "sha256:9ee1a69328d5c36c98d8e74db06f4ad518a1840e8ccb94a4ba86920986bb617e",
                "sha256:b084b91d8d66ab19f5bb3256cbd5ea661848338301940e17f4492b2ce0801fe8",
                "sha256:b9cb1e14fdb546396b7e1b923ffaeeac24e4cedd14266c3497216dd4448e4f2d",
                "sha256:ba619e410a21d8c387a1ea6e8a0e49bb42216474436245718d7f2e88a2f8d7c0",
                "sha256:c02f372a88e0d17f36d3093a644c73cfc1788e876a7c4bcb4020a77512e2043c",
                "sha256:ce0c6f76a0f1ba361551f3e6dceaff06bde7514a374aa43e33b588ec10420183",
                "sha256:d9cd88488cceb7635aebb84809d087468eb33551097d600c6dad13602029c2df",
                "sha256:e4c7c9f27a4185304c7caf96dc7d91bc60bc162221152de697c98eb0b2648dd8",
                "sha256:f167beed68918d62bffb6ec64f2e1d8a7d297a038f86d4aed056b9493fca407f",
                "sha256:f3421a7afb1a43f7e38e82e844e2bca9a6d793d66c1a7f9f0ff39a795bbc5e02"
            ],
            "markers": "python_version >= '3.8'",
            "version": "==2.0.3"
        },
        "pyproj": {
            "hashes": [
                "sha256:00fab048596c17572fa8980014ef117dbb2a445e6f7ba3b9ddfcc683efc598e7",
                "sha256:08dfc5c9533c78a97afae9d53b99b810a4a8f97c3be9eb2b8f323b726c736403",
                "sha256:1283d3c1960edbb74828f5f3405b27578a9a27f7766ab6a3956f4bd851f08239",
                "sha256:137a07404f937f264b11b7130cd4cfa00002dbe4333b222e8056db84849c2ea4",
                "sha256:18a8bdb87aeb41b60a2e91d32f623227de3569fb83b4c64b174c3a7c5b0ed3ae",
                "sha256:23787460fab85ba2f857ee60ffb2e8e21fd9bd5db9833c51c1c05b2a6d9f0be5",
                "sha256:2799499a4045e4fb73e44c31bdacab0593a253a7a4b6baae6fdd27d604cf9bc2",
                "sha256:3a4d2d438b007cb1f8d5f6f308d53d7ff9a2508cff8f9da6e2a93b76ffd98aaf",
                "sha256:4d8a9773503085eada59b6892c96ddf686ab8cf64cfdc18ad744d13ee76dfa6f",
                "sha256:557e6592855111c84eda176ddf6b130f55d5e2b9cb1c017b8c91b69f37f474f5",
                "sha256:595376e4d3bb72b7dceeccbce0f4c43053d47561f17a1ad0224407e9980ee849",
                "sha256:78276c6b0c831255c97c56dff7313a3571f327a284d8ac63d6a56437a72ed0e0",
                "sha256:830e6de7cfe43853967afee5ef908dfd5aa72d1ec12af9b9e3fecc179886e346",
                "sha256:8fbac2eb9a0e425d7d6b7c6f4ebacd675cf3bdef0c59887057b8b4b0374e7c12",
                "sha256:95120d65cbc5983dfd877076f28dbc18b9b329cbee38ca6e217bb7a5a043c099",
                "sha256:9de1aab71234bfd3fd648a1152519b5ee152c43113d7d8ea52590a0140129501",
                "sha256:a5b111865b3f0f8b77b3983f2fbe4dd6248fc09d3730295949977c8dcd988062",
                "sha256:ba5e7c8ddd6ed5a3f9fcf95ea80ba44c931913723de2ece841c94bb38b200c4a",
                "sha256:d7f6cd045df29aae960391dfe06a575c110af598f1dea5add8be6ca42332b0f5",
                "sha256:de6288b6ceabdeeac01abf627c74414822d322d8f55dc8efe4d29dedd27c5719",
                "sha256:dfe392dfc0eba2248dc08c976a72f52ff9da2bddfddfd9ff5dcf18e8e88200c7",
                "sha256:e342b3010b2b20134671564ff9a8c476e5e512bf589477480aded1a5813af7c8",
                "sha256:e427ccdbb1763872416549bdfa9fa1f5f169054653c4daf674e71480cc39cf11",
                "sha256:e600f6a2771d3b41aeb2cc1efd96771ae9a01451013da1dd48ff272e7c6e34ef",
                "sha256:f04f6297c615c3b17f835df2556ac8fb9b4f51f281e960437eaf0cd80e7ae26a"
            ],
            "markers": "python_version >= '3.9'",
            "version": "==3.6.0"
        },
        "python-dateutil": {
            "hashes": [
                "sha256:0123cacc1627ae19ddf3c27a5de5bd67ee4586fbdd6440d9748f8abb483d3e86",
                "sha256:961d03dc3453ebbc59dbdea9e4e11c5651520a876d0f4db161e8674aae935da9"
            ],
            "markers": "python_version >= '2.7' and python_version not in '3.0, 3.1, 3.2'",
            "version": "==2.8.2"
        },
        "pytz": {
            "hashes": [
                "sha256:1d8ce29db189191fb55338ee6d0387d82ab59f3d00eac103412d64e0ebd0c588",
                "sha256:a151b3abb88eda1d4e34a9814df37de2a80e301e68ba0fd856fb9b46bfbbbffb"
            ],
            "version": "==2023.3"
        },
        "shapely": {
            "hashes": [
                "sha256:01224899ff692a62929ef1a3f5fe389043e262698a708ab7569f43a99a48ae82",
                "sha256:05c51a29336e604c084fb43ae5dbbfa2c0ef9bd6fedeae0a0d02c7b57a56ba46",
                "sha256:09d6c7763b1bee0d0a2b84bb32a4c25c6359ad1ac582a62d8b211e89de986154",
                "sha256:193a398d81c97a62fc3634a1a33798a58fd1dcf4aead254d080b273efbb7e3ff",
                "sha256:1a34a23d6266ca162499e4a22b79159dc0052f4973d16f16f990baa4d29e58b6",
                "sha256:2569a4b91caeef54dd5ae9091ae6f63526d8ca0b376b5bb9fd1a3195d047d7d4",
                "sha256:33403b8896e1d98aaa3a52110d828b18985d740cc9f34f198922018b1e0f8afe",
                "sha256:3ad81f292fffbd568ae71828e6c387da7eb5384a79db9b4fde14dd9fdeffca9a",
                "sha256:3cb256ae0c01b17f7bc68ee2ffdd45aebf42af8992484ea55c29a6151abe4386",
                "sha256:45b4833235b90bc87ee26c6537438fa77559d994d2d3be5190dd2e54d31b2820",
                "sha256:4641325e065fd3e07d55677849c9ddfd0cf3ee98f96475126942e746d55b17c8",
                "sha256:502e0a607f1dcc6dee0125aeee886379be5242c854500ea5fd2e7ac076b9ce6d",
                "sha256:66a6b1a3e72ece97fc85536a281476f9b7794de2e646ca8a4517e2e3c1446893",
                "sha256:70a18fc7d6418e5aea76ac55dce33f98e75bd413c6eb39cfed6a1ba36469d7d4",
                "sha256:7d3bbeefd8a6a1a1017265d2d36f8ff2d79d0162d8c141aa0d37a87063525656",
                "sha256:83a8ec0ee0192b6e3feee9f6a499d1377e9c295af74d7f81ecba5a42a6b195b7",
                "sha256:865bc3d7cc0ea63189d11a0b1120d1307ed7a64720a8bfa5be2fde5fc6d0d33f",
                "sha256:90cfa4144ff189a3c3de62e2f3669283c98fb760cfa2e82ff70df40f11cadb39",
                "sha256:91575d97fd67391b85686573d758896ed2fc7476321c9d2e2b0c398b628b961c",
                "sha256:9a6ac34c16f4d5d3c174c76c9d7614ec8fe735f8f82b6cc97a46b54f386a86bf",
                "sha256:a529218e72a3dbdc83676198e610485fdfa31178f4be5b519a8ae12ea688db14",
                "sha256:a70a614791ff65f5e283feed747e1cc3d9e6c6ba91556e640636bbb0a1e32a71",
                "sha256:ac1dfc397475d1de485e76de0c3c91cc9d79bd39012a84bb0f5e8a199fc17bef",
                "sha256:b06d031bc64149e340448fea25eee01360a58936c89985cf584134171e05863f",
                "sha256:b4f0711cc83734c6fad94fc8d4ec30f3d52c1787b17d9dca261dc841d4731c64",
                "sha256:b50c401b64883e61556a90b89948297f1714dbac29243d17ed9284a47e6dd731",
                "sha256:b519cf3726ddb6c67f6a951d1bb1d29691111eaa67ea19ddca4d454fbe35949c",
                "sha256:bca57b683e3d94d0919e2f31e4d70fdfbb7059650ef1b431d9f4e045690edcd5",
                "sha256:c43755d2c46b75a7b74ac6226d2cc9fa2a76c3263c5ae70c195c6fb4e7b08e79",
                "sha256:c7eed1fb3008a8a4a56425334b7eb82651a51f9e9a9c2f72844a2fb394f38a6c",
                "sha256:c8b0d834b11be97d5ab2b4dceada20ae8e07bcccbc0f55d71df6729965f406ad",
                "sha256:ce88ec79df55430e37178a191ad8df45cae90b0f6972d46d867bf6ebbb58cc4d",
                "sha256:d173d24e85e51510e658fb108513d5bc11e3fd2820db6b1bd0522266ddd11f51",
                "sha256:d8f55f355be7821dade839df785a49dc9f16d1af363134d07eb11e9207e0b189",
                "sha256:da71de5bf552d83dcc21b78cc0020e86f8d0feea43e202110973987ffa781c21",
                "sha256:e55698e0ed95a70fe9ff9a23c763acfe0bf335b02df12142f74e4543095e9a9b",
                "sha256:f32a748703e7bf6e92dfa3d2936b2fbfe76f8ce5f756e24f49ef72d17d26ad02",
                "sha256:f470a130d6ddb05b810fc1776d918659407f8d025b7f56d2742a596b6dffa6c7"
            ],
            "markers": "python_version >= '3.7'",
            "version": "==2.0.1"
        },
        "six": {
            "hashes": [
                "sha256:1e61c37477a1626458e36f7b1d82aa5c9b094fa4802892072e49de9c60c4c926",
                "sha256:8abb2f1d86890a2dfb989f9a77cfcfd3e47c2a354b01111771326f8aa26e0254"
            ],
            "markers": "python_version >= '2.7' and python_version not in '3.0, 3.1, 3.2'",
            "version": "==1.16.0"
        },
        "typing-extensions": {
            "hashes": [
                "sha256:440d5dd3af93b060174bf433bccd69b0babc3b15b1a8dca43789fd7f61514b36",
                "sha256:b75ddc264f0ba5615db7ba217daeb99701ad295353c45f9e95963337ceeeffb2"
            ],
            "markers": "python_version >= '3.7'",
            "version": "==4.7.1"
        },
        "tzdata": {
            "hashes": [
                "sha256:11ef1e08e54acb0d4f95bdb1be05da659673de4acbd21bf9c69e94cc5e907a3a",
                "sha256:7e65763eef3120314099b6939b5546db7adce1e7d6f2e179e3df563c70511eda"
            ],
            "markers": "python_version >= '2'",
            "version": "==2023.3"
        }
    },
    "develop": {}
}
